schema_version = 1
tool_version = "0.1.0"
runtime_package = "adoption_enablement"
runtime_layout = "source"
runtime_modules = [
  "__init__.py",
  "cli.py",
  "contracts.py",
  "lockfile.py",
  "manifest.py",
  "repository.py",
  "safe_io.py",
  "transaction.py",
]

[digests]
entrypoint = "sha256:8d079a27ab94fce929bb9b5b5ed15892b268f1531bb84791f13846e9360e1256"
runtime = "sha256:6f4cd41b869c9a55b900cdb3c3f1e9acf73c2a2210632b48321486d07ee6f2eb"
