schema_version = 1
tool_version = "0.1.0"
runtime_package = "adoption_enablement"
runtime_layout = "source"
runtime_modules = [
  "__init__.py",
  "cli.py",
  "contracts.py",
  "lockfile.py",
  "manifest.py",
  "repository.py",
  "safe_io.py",
  "transaction.py",
]

[digests]
entrypoint = "sha256:d58f3dddbf7a5640706ec70e37e2ef618db6a41a424c786f2ff460a2f40f7f42"
runtime = "sha256:9255efb909b7006c39a1c5a3e04435e5ff02c758ef029608be9cbea57f6a8db9"
