schema_version = 2
product_version = "3.1.0-core.1"
policy_schema = 1
registry_schema = 1
task_schema = 1
route_schema = 1
receipt_schema = 1
clarification_schema = 1
risk_schema = 1
hook_mode = "audit"
hook_trust = "pending_hook_trust"
runtime_package = "control_plane"
runtime_layout = "source"
runtime_modules = [
  "__init__.py",
  "adoption_recovery.py",
  "clarification.py",
  "cli.py",
  "contracts.py",
  "core_types.py",
  "git_guards.py",
  "git_state.py",
  "graph.py",
  "hooks.py",
  "intake.py",
  "leases.py",
  "lockfile.py",
  "maintenance.py",
  "materialization.py",
  "policy.py",
  "project_profiles.py",
  "repository.py",
  "resource_registry.py",
  "risk_sentinel.py",
  "routing.py",
  "scopes.py",
  "survey.py",
  "task_state.py",
  "toolchain.py",
  "verification.py",
]

[digests]
project_policy = "sha256:84ac53ebd751c92be82c8d7ebafa7af15d22ca0ed19f773b27ef0f8496a0f4c3"
resource_registry = "sha256:9ed8a8b77b2c376b4235446a41ddddfdc089c8393d5ab702c50a6ffa8dabf16f"
hooks = "sha256:ffa4e6c3a17ab3d6e3ef6d88d1b4e9e42433d3da478bc6a25a744a25e7990faf"
hook_entrypoint = "sha256:f0ea3e4aabfee3b28519038e91d45a5de0df210b55bc7298cc50dd6435f8bacc"
git_pre_commit = "sha256:81defff214f3cf23eb70f2c24ab5130defb2c423992f6d314d18a01fb3a318b9"
git_pre_push = "sha256:a68952c97fc7148ce1952c10799cd0f3ee1761e7d28455aeb193b8699a42e7bd"
entrypoint = "sha256:c08343165a1b52b550c3951ae07a3af1655a8cc75ac039e143ff994a79a49e07"
runtime = "sha256:1bc9bb1d437a87ebe638ec6793ab0546e9b51a83a7b4c9f2e5c405c76febd815"
