schema_version = 1
product_version = "2.1.1"
policy_schema = 1
registry_schema = 1
task_schema = 1
route_schema = 1
receipt_schema = 1
clarification_schema = 1
risk_schema = 1
hook_mode = "audit"
hook_trust = "pending_hook_trust"
runtime_package = "control_plane"
runtime_layout = "source"

[digests]
project_policy = "sha256:84ac53ebd751c92be82c8d7ebafa7af15d22ca0ed19f773b27ef0f8496a0f4c3"
resource_registry = "sha256:75cf9ca355eadbe0db3d4f750008750a5e86030cc054a1838c233dbe9901678e"
hooks = "sha256:199da94ef0e478184523f77de76708ccf3ce60a79969024cb739490ffcba3660"
hook_entrypoint = "sha256:c134e2bf706f2a3d35b3dde60085367b2f745f6b4df2f0e2e2888c01f8221647"
git_pre_commit = "sha256:81defff214f3cf23eb70f2c24ab5130defb2c423992f6d314d18a01fb3a318b9"
git_pre_push = "sha256:a68952c97fc7148ce1952c10799cd0f3ee1761e7d28455aeb193b8699a42e7bd"
entrypoint = "sha256:0423e3e505e9d25439fc1c3cef02caaef9375a8f3a21291f071d119d52f046d9"
runtime = "sha256:f56b31de33b33aef650dc9ec3f03a2b3174c0a65a04f3cf00497469abfd06079"
